
Microsoft Visual Studio Solution File, Format Version 12.00
# Visual Studio Version 17
VisualStudioVersion = 17.6.33712.159
MinimumVisualStudioVersion = 10.0.40219.1
Project("{2150E333-8FDC-42A3-9474-1A3956D46DE8}") = "FrontEnd", "FrontEnd", "{282DE619-5BF3-4D4F-885D-3AF53A493A5C}"
EndProject
Project("{2150E333-8FDC-42A3-9474-1A3956D46DE8}") = "Services", "Services", "{3E328B43-E7D4-4A4F-9E80-AF41FF7C94D5}"
EndProject
Project("{9A19103F-16F7-4668-BE54-9A1E7A4F7556}") = "GeekShoopping.Web", "GeekShoopping.Web\GeekShoopping.Web.csproj", "{E900C5E7-80C5-4329-82C5-EB715D1C0B48}"
EndProject
Project("{9A19103F-16F7-4668-BE54-9A1E7A4F7556}") = "GeekShoopping.ProductAPI", "GeekShoopping.ProductAPI\GeekShoopping.ProductAPI.csproj", "{31C62325-9ABC-4682-AED0-5C4A488E5D54}"
EndProject
Project("{9A19103F-16F7-4668-BE54-9A1E7A4F7556}") = "GeekShopping.IdentityServer", "GeekShopping.IdentityServer\GeekShopping.IdentityServer.csproj", "{B61AB414-5665-4C34-AAB3-7288D13B4B64}"
EndProject
Project("{9A19103F-16F7-4668-BE54-9A1E7A4F7556}") = "GeekShopping.CartAPI", "GeekShopping.CartAPI\GeekShopping.CartAPI.csproj", "{13701DFC-FAE4-493A-BDB6-82A47FF397C7}"
EndProject
Project("{9A19103F-16F7-4668-BE54-9A1E7A4F7556}") = "GeekShopping.CouponAPI", "GeekShopping.CouponAPI\GeekShopping.CouponAPI.csproj", "{27EB2D21-6F8E-4E12-904C-D6E93D4DBA8E}"
EndProject
Project("{2150E333-8FDC-42A3-9474-1A3956D46DE8}") = "Integration", "Integration", "{4B6F6814-7FB5-41BA-888D-453A1834E608}"
EndProject
Project("{9A19103F-16F7-4668-BE54-9A1E7A4F7556}") = "GeekShopping.MessageBus", "GeekShopping.MessageBus\GeekShopping.MessageBus.csproj", "{6A357995-5424-49A9-A73F-D9061BE4C08B}"
EndProject
Project("{9A19103F-16F7-4668-BE54-9A1E7A4F7556}") = "GeekShopping.OrderAPI", "GeekShopping.OrderAPI\GeekShopping.OrderAPI.csproj", "{C1F0AA65-7886-4A74-9987-036C053A3EE4}"
EndProject
Project("{2150E333-8FDC-42A3-9474-1A3956D46DE8}") = "Payments", "Payments", "{9CC947F2-A8A6-4CD2-8BC4-3BE8A539CDE5}"
EndProject
Project("{9A19103F-16F7-4668-BE54-9A1E7A4F7556}") = "GeekShoopping.PaymentProcessor", "GeekShoopping.PaymentProcessor\GeekShoopping.PaymentProcessor.csproj", "{2F681B3C-D6CD-42A4-AB08-EFD2C83BF319}"
EndProject
Project("{FAE04EC0-301F-11D3-BF4B-00C04F79EFBC}") = "GeekShopping.PaymentAPI", "GeekShopping.PaymentAPI\GeekShopping.PaymentAPI.csproj", "{517A1B74-CE9A-4205-B24C-0146E95F723C}"
EndProject
Project("{FAE04EC0-301F-11D3-BF4B-00C04F79EFBC}") = "GeekShopping.Email", "GeekShopping.Email\GeekShopping.Email.csproj", "{6E43E6A9-BC4E-41BE-B430-A828CFE857A6}"
EndProject
Global
	GlobalSection(SolutionConfigurationPlatforms) = preSolution
		Debug|Any CPU = Debug|Any CPU
		Release|Any CPU = Release|Any CPU
	EndGlobalSection
	GlobalSection(ProjectConfigurationPlatforms) = postSolution
		{E900C5E7-80C5-4329-82C5-EB715D1C0B48}.Debug|Any CPU.ActiveCfg = Debug|Any CPU
		{E900C5E7-80C5-4329-82C5-EB715D1C0B48}.Debug|Any CPU.Build.0 = Debug|Any CPU
		{E900C5E7-80C5-4329-82C5-EB715D1C0B48}.Release|Any CPU.ActiveCfg = Release|Any CPU
		{E900C5E7-80C5-4329-82C5-EB715D1C0B48}.Release|Any CPU.Build.0 = Release|Any CPU
		{31C62325-9ABC-4682-AED0-5C4A488E5D54}.Debug|Any CPU.ActiveCfg = Debug|Any CPU
		{31C62325-9ABC-4682-AED0-5C4A488E5D54}.Debug|Any CPU.Build.0 = Debug|Any CPU
		{31C62325-9ABC-4682-AED0-5C4A488E5D54}.Release|Any CPU.ActiveCfg = Release|Any CPU
		{31C62325-9ABC-4682-AED0-5C4A488E5D54}.Release|Any CPU.Build.0 = Release|Any CPU
		{B61AB414-5665-4C34-AAB3-7288D13B4B64}.Debug|Any CPU.ActiveCfg = Debug|Any CPU
		{B61AB414-5665-4C34-AAB3-7288D13B4B64}.Debug|Any CPU.Build.0 = Debug|Any CPU
		{B61AB414-5665-4C34-AAB3-7288D13B4B64}.Release|Any CPU.ActiveCfg = Release|Any CPU
		{B61AB414-5665-4C34-AAB3-7288D13B4B64}.Release|Any CPU.Build.0 = Release|Any CPU
		{13701DFC-FAE4-493A-BDB6-82A47FF397C7}.Debug|Any CPU.ActiveCfg = Debug|Any CPU
		{13701DFC-FAE4-493A-BDB6-82A47FF397C7}.Debug|Any CPU.Build.0 = Debug|Any CPU
		{13701DFC-FAE4-493A-BDB6-82A47FF397C7}.Release|Any CPU.ActiveCfg = Release|Any CPU
		{13701DFC-FAE4-493A-BDB6-82A47FF397C7}.Release|Any CPU.Build.0 = Release|Any CPU
		{27EB2D21-6F8E-4E12-904C-D6E93D4DBA8E}.Debug|Any CPU.ActiveCfg = Debug|Any CPU
		{27EB2D21-6F8E-4E12-904C-D6E93D4DBA8E}.Debug|Any CPU.Build.0 = Debug|Any CPU
		{27EB2D21-6F8E-4E12-904C-D6E93D4DBA8E}.Release|Any CPU.ActiveCfg = Release|Any CPU
		{27EB2D21-6F8E-4E12-904C-D6E93D4DBA8E}.Release|Any CPU.Build.0 = Release|Any CPU
		{6A357995-5424-49A9-A73F-D9061BE4C08B}.Debug|Any CPU.ActiveCfg = Debug|Any CPU
		{6A357995-5424-49A9-A73F-D9061BE4C08B}.Debug|Any CPU.Build.0 = Debug|Any CPU
		{6A357995-5424-49A9-A73F-D9061BE4C08B}.Release|Any CPU.ActiveCfg = Release|Any CPU
		{6A357995-5424-49A9-A73F-D9061BE4C08B}.Release|Any CPU.Build.0 = Release|Any CPU
		{C1F0AA65-7886-4A74-9987-036C053A3EE4}.Debug|Any CPU.ActiveCfg = Debug|Any CPU
		{C1F0AA65-7886-4A74-9987-036C053A3EE4}.Debug|Any CPU.Build.0 = Debug|Any CPU
		{C1F0AA65-7886-4A74-9987-036C053A3EE4}.Release|Any CPU.ActiveCfg = Release|Any CPU
		{C1F0AA65-7886-4A74-9987-036C053A3EE4}.Release|Any CPU.Build.0 = Release|Any CPU
		{2F681B3C-D6CD-42A4-AB08-EFD2C83BF319}.Debug|Any CPU.ActiveCfg = Debug|Any CPU
		{2F681B3C-D6CD-42A4-AB08-EFD2C83BF319}.Debug|Any CPU.Build.0 = Debug|Any CPU
		{2F681B3C-D6CD-42A4-AB08-EFD2C83BF319}.Release|Any CPU.ActiveCfg = Release|Any CPU
		{2F681B3C-D6CD-42A4-AB08-EFD2C83BF319}.Release|Any CPU.Build.0 = Release|Any CPU
		{517A1B74-CE9A-4205-B24C-0146E95F723C}.Debug|Any CPU.ActiveCfg = Debug|Any CPU
		{517A1B74-CE9A-4205-B24C-0146E95F723C}.Debug|Any CPU.Build.0 = Debug|Any CPU
		{517A1B74-CE9A-4205-B24C-0146E95F723C}.Release|Any CPU.ActiveCfg = Release|Any CPU
		{517A1B74-CE9A-4205-B24C-0146E95F723C}.Release|Any CPU.Build.0 = Release|Any CPU
		{6E43E6A9-BC4E-41BE-B430-A828CFE857A6}.Debug|Any CPU.ActiveCfg = Debug|Any CPU
		{6E43E6A9-BC4E-41BE-B430-A828CFE857A6}.Debug|Any CPU.Build.0 = Debug|Any CPU
		{6E43E6A9-BC4E-41BE-B430-A828CFE857A6}.Release|Any CPU.ActiveCfg = Release|Any CPU
		{6E43E6A9-BC4E-41BE-B430-A828CFE857A6}.Release|Any CPU.Build.0 = Release|Any CPU
	EndGlobalSection
	GlobalSection(SolutionProperties) = preSolution
		HideSolutionNode = FALSE
	EndGlobalSection
	GlobalSection(NestedProjects) = preSolution
		{E900C5E7-80C5-4329-82C5-EB715D1C0B48} = {282DE619-5BF3-4D4F-885D-3AF53A493A5C}
		{31C62325-9ABC-4682-AED0-5C4A488E5D54} = {3E328B43-E7D4-4A4F-9E80-AF41FF7C94D5}
		{B61AB414-5665-4C34-AAB3-7288D13B4B64} = {3E328B43-E7D4-4A4F-9E80-AF41FF7C94D5}
		{13701DFC-FAE4-493A-BDB6-82A47FF397C7} = {3E328B43-E7D4-4A4F-9E80-AF41FF7C94D5}
		{27EB2D21-6F8E-4E12-904C-D6E93D4DBA8E} = {3E328B43-E7D4-4A4F-9E80-AF41FF7C94D5}
		{6A357995-5424-49A9-A73F-D9061BE4C08B} = {4B6F6814-7FB5-41BA-888D-453A1834E608}
		{C1F0AA65-7886-4A74-9987-036C053A3EE4} = {3E328B43-E7D4-4A4F-9E80-AF41FF7C94D5}
		{2F681B3C-D6CD-42A4-AB08-EFD2C83BF319} = {9CC947F2-A8A6-4CD2-8BC4-3BE8A539CDE5}
		{517A1B74-CE9A-4205-B24C-0146E95F723C} = {3E328B43-E7D4-4A4F-9E80-AF41FF7C94D5}
		{6E43E6A9-BC4E-41BE-B430-A828CFE857A6} = {3E328B43-E7D4-4A4F-9E80-AF41FF7C94D5}
	EndGlobalSection
	GlobalSection(ExtensibilityGlobals) = postSolution
		SolutionGuid = {CC07715C-640C-425F-87C7-62EE95D76A33}
	EndGlobalSection
EndGlobal
